
Microsoft Visual Studio Solution File, Format Version 12.00
# Visual Studio Version 16
VisualStudioVersion = 16.0.31911.196
MinimumVisualStudioVersion = 10.0.40219.1
Project("{D2ABAB84-BF74-430A-B69E-9DC6D40DDA17}") = "DATH_BI_SSAS_OLAP", "DATH_BI_SSAS_OLAP\DATH_BI_SSAS_OLAP.dwproj", "{CF8CE7EE-A2F9-4228-8AB7-1EBF42244697}"
EndProject
Global
	GlobalSection(SolutionConfigurationPlatforms) = preSolution
		Development|Default = Development|Default
	EndGlobalSection
	GlobalSection(ProjectConfigurationPlatforms) = postSolution
		{CF8CE7EE-A2F9-4228-8AB7-1EBF42244697}.Development|Default.ActiveCfg = Development
		{CF8CE7EE-A2F9-4228-8AB7-1EBF42244697}.Development|Default.Build.0 = Development
		{CF8CE7EE-A2F9-4228-8AB7-1EBF42244697}.Development|Default.Deploy.0 = Development
	EndGlobalSection
	GlobalSection(SolutionProperties) = preSolution
		HideSolutionNode = FALSE
	EndGlobalSection
	GlobalSection(ExtensibilityGlobals) = postSolution
		SolutionGuid = {4D0F32A9-82E3-43E5-8391-FFD43366DCE9}
	EndGlobalSection
EndGlobal
